// !$*UTF8*$!
{
	archiveVersion = 1;
	classes = {
	};
	objectVersion = 50;
	objects = {

/* Begin PBXBuildFile section */
		3600A5DE2668BED900703A1D /* About.swift in Sources */ = {isa = PBXBuildFile; fileRef = 3600A5D82668BED900703A1D /* About.swift */; };
		3600A5E12668BED900703A1D /* Modifiers.swift in Sources */ = {isa = PBXBuildFile; fileRef = 3600A5DB2668BED900703A1D /* Modifiers.swift */; };
		3600A5E22668BED900703A1D /* Localization.swift in Sources */ = {isa = PBXBuildFile; fileRef = 3600A5DC2668BED900703A1D /* Localization.swift */; };
		3600A5E62668C0A700703A1D /* Localizable.strings in Resources */ = {isa = PBXBuildFile; fileRef = 3600A5E82668C0A700703A1D /* Localizable.strings */; };
		3611BC982668CEA30095672A /* WidgetKit.framework in Frameworks */ = {isa = PBXBuildFile; fileRef = 3611BC972668CEA30095672A /* WidgetKit.framework */; };
		3611BC9A2668CEA30095672A /* SwiftUI.framework in Frameworks */ = {isa = PBXBuildFile; fileRef = 3611BC992668CEA30095672A /* SwiftUI.framework */; };
		3611BC9D2668CEA30095672A /* vcardW.swift in Sources */ = {isa = PBXBuildFile; fileRef = 3611BC9C2668CEA30095672A /* vcardW.swift */; };
		3611BCA02668CEA40095672A /* Assets.xcassets in Resources */ = {isa = PBXBuildFile; fileRef = 3611BC9F2668CEA40095672A /* Assets.xcassets */; };
		3611BCA62668CEA40095672A /* vcardWExtension.appex in Embed App Extensions */ = {isa = PBXBuildFile; fileRef = 3611BC952668CEA30095672A /* vcardWExtension.appex */; settings = {ATTRIBUTES = (RemoveHeadersOnCopy, ); }; };
		3611BCAD26690CC80095672A /* Localization.swift in Sources */ = {isa = PBXBuildFile; fileRef = 3600A5DC2668BED900703A1D /* Localization.swift */; };
		3611BCAE26690CCD0095672A /* Localizable.strings in Resources */ = {isa = PBXBuildFile; fileRef = 3600A5E82668C0A700703A1D /* Localizable.strings */; };
		3611BCB32669645E0095672A /* BusinessView.swift in Sources */ = {isa = PBXBuildFile; fileRef = 3611BCB22669645E0095672A /* BusinessView.swift */; };
		3611BCB62669680D0095672A /* ContactView.swift in Sources */ = {isa = PBXBuildFile; fileRef = 3611BCB52669680D0095672A /* ContactView.swift */; };
		361660C5266BABD9002E3ED4 /* SetupView.swift in Sources */ = {isa = PBXBuildFile; fileRef = 361660C2266BABD9002E3ED4 /* SetupView.swift */; };
		361660C6266BABD9002E3ED4 /* PrivateView.swift in Sources */ = {isa = PBXBuildFile; fileRef = 361660C3266BABD9002E3ED4 /* PrivateView.swift */; };
		3640B5542674E314008EE9B7 /* BusinessPreview.swift in Sources */ = {isa = PBXBuildFile; fileRef = 3640B5532674E314008EE9B7 /* BusinessPreview.swift */; };
		3640B5582674E37A008EE9B7 /* PrivatePreview.swift in Sources */ = {isa = PBXBuildFile; fileRef = 3640B5572674E37A008EE9B7 /* PrivatePreview.swift */; };
		3640B55A2674E7CA008EE9B7 /* BusinessData.swift in Sources */ = {isa = PBXBuildFile; fileRef = 3640B5592674E7CA008EE9B7 /* BusinessData.swift */; };
		3640B55C2674EAE5008EE9B7 /* PrivateData.swift in Sources */ = {isa = PBXBuildFile; fileRef = 3640B55B2674EAE5008EE9B7 /* PrivateData.swift */; };
		364F2E21266CBD300085493D /* WidgetUpdaterClass.swift in Sources */ = {isa = PBXBuildFile; fileRef = 364F2E20266CBD300085493D /* WidgetUpdaterClass.swift */; };
		364F2E24266CC3400085493D /* wPrivate.swift in Sources */ = {isa = PBXBuildFile; fileRef = 364F2E23266CC3400085493D /* wPrivate.swift */; };
		364F2E26266CC3560085493D /* wBusiness.swift in Sources */ = {isa = PBXBuildFile; fileRef = 364F2E25266CC3560085493D /* wBusiness.swift */; };
		364F2E27266CC4390085493D /* Assets.xcassets in Resources */ = {isa = PBXBuildFile; fileRef = 36B883BE26676B630028437B /* Assets.xcassets */; };
		364F2E2B266D331F0085493D /* StoreManagerClass.swift in Sources */ = {isa = PBXBuildFile; fileRef = 364F2E2A266D331F0085493D /* StoreManagerClass.swift */; };
		364F2E2D266D338C0085493D /* IAP_ProductIDs.plist in Resources */ = {isa = PBXBuildFile; fileRef = 364F2E2C266D338C0085493D /* IAP_ProductIDs.plist */; };
		364F2E2F266D33FA0085493D /* InAppPurchaseView.swift in Sources */ = {isa = PBXBuildFile; fileRef = 364F2E2E266D33FA0085493D /* InAppPurchaseView.swift */; };
		364F2E3A266D3B090085493D /* vcardW.intentdefinition in Sources */ = {isa = PBXBuildFile; fileRef = 364F2E3D266D3B090085493D /* vcardW.intentdefinition */; };
		364F2E3B266D3B090085493D /* vcardW.intentdefinition in Sources */ = {isa = PBXBuildFile; fileRef = 364F2E3D266D3B090085493D /* vcardW.intentdefinition */; };
		36532D4C2671FCB8002B1544 /* UpdateView.swift in Sources */ = {isa = PBXBuildFile; fileRef = 36532D4B2671FCB8002B1544 /* UpdateView.swift */; };
		3696FDA92673C08B009A585A /* GenericViews.swift in Sources */ = {isa = PBXBuildFile; fileRef = 3696FDA82673C08B009A585A /* GenericViews.swift */; };
		3696FDAB2673C77A009A585A /* ImageClass.swift in Sources */ = {isa = PBXBuildFile; fileRef = 3696FDAA2673C77A009A585A /* ImageClass.swift */; };
		36B883BB26676B610028437B /* App.swift in Sources */ = {isa = PBXBuildFile; fileRef = 36B883BA26676B610028437B /* App.swift */; };
		36B883BD26676B610028437B /* ContentView.swift in Sources */ = {isa = PBXBuildFile; fileRef = 36B883BC26676B610028437B /* ContentView.swift */; };
		36B883BF26676B630028437B /* Assets.xcassets in Resources */ = {isa = PBXBuildFile; fileRef = 36B883BE26676B630028437B /* Assets.xcassets */; };
		36B883C226676B630028437B /* Preview Assets.xcassets in Resources */ = {isa = PBXBuildFile; fileRef = 36B883C126676B630028437B /* Preview Assets.xcassets */; };
		36B883CC2667B3A30028437B /* SettingsView.swift in Sources */ = {isa = PBXBuildFile; fileRef = 36B883CB2667B3A30028437B /* SettingsView.swift */; };
		36B883CE2667D5D30028437B /* LaunchScreen.storyboard in Resources */ = {isa = PBXBuildFile; fileRef = 36B883CD2667D5D30028437B /* LaunchScreen.storyboard */; };
		36B883D02667DB1A0028437B /* UserSettings.swift in Sources */ = {isa = PBXBuildFile; fileRef = 36B883CF2667DB1A0028437B /* UserSettings.swift */; };
/* End PBXBuildFile section */

/* Begin PBXContainerItemProxy section */
		3611BCA42668CEA40095672A /* PBXContainerItemProxy */ = {
			isa = PBXContainerItemProxy;
			containerPortal = 36B883AF26676B610028437B /* Project object */;
			proxyType = 1;
			remoteGlobalIDString = 3611BC942668CEA30095672A;
			remoteInfo = vcardWExtension;
		};
/* End PBXContainerItemProxy section */

/* Begin PBXCopyFilesBuildPhase section */
		3611BCA72668CEA40095672A /* Embed App Extensions */ = {
			isa = PBXCopyFilesBuildPhase;
			buildActionMask = 2147483647;
			dstPath = "";
			dstSubfolderSpec = 13;
			files = (
				3611BCA62668CEA40095672A /* vcardWExtension.appex in Embed App Extensions */,
			);
			name = "Embed App Extensions";
			runOnlyForDeploymentPostprocessing = 0;
		};
/* End PBXCopyFilesBuildPhase section */

/* Begin PBXFileReference section */
		3600A5D82668BED900703A1D /* About.swift */ = {isa = PBXFileReference; fileEncoding = 4; lastKnownFileType = sourcecode.swift; path = About.swift; sourceTree = "<group>"; };
		3600A5DB2668BED900703A1D /* Modifiers.swift */ = {isa = PBXFileReference; fileEncoding = 4; lastKnownFileType = sourcecode.swift; path = Modifiers.swift; sourceTree = "<group>"; };
		3600A5DC2668BED900703A1D /* Localization.swift */ = {isa = PBXFileReference; fileEncoding = 4; lastKnownFileType = sourcecode.swift; path = Localization.swift; sourceTree = "<group>"; };
		3600A5E72668C0A700703A1D /* en */ = {isa = PBXFileReference; lastKnownFileType = text.plist.strings; name = en; path = en.lproj/Localizable.strings; sourceTree = "<group>"; };
		3600A5E92668C0AE00703A1D /* de */ = {isa = PBXFileReference; lastKnownFileType = text.plist.strings; name = de; path = de.lproj/Localizable.strings; sourceTree = "<group>"; };
		3611BC952668CEA30095672A /* vcardWExtension.appex */ = {isa = PBXFileReference; explicitFileType = "wrapper.app-extension"; includeInIndex = 0; path = vcardWExtension.appex; sourceTree = BUILT_PRODUCTS_DIR; };
		3611BC972668CEA30095672A /* WidgetKit.framework */ = {isa = PBXFileReference; lastKnownFileType = wrapper.framework; name = WidgetKit.framework; path = System/Library/Frameworks/WidgetKit.framework; sourceTree = SDKROOT; };
		3611BC992668CEA30095672A /* SwiftUI.framework */ = {isa = PBXFileReference; lastKnownFileType = wrapper.framework; name = SwiftUI.framework; path = System/Library/Frameworks/SwiftUI.framework; sourceTree = SDKROOT; };
		3611BC9C2668CEA30095672A /* vcardW.swift */ = {isa = PBXFileReference; lastKnownFileType = sourcecode.swift; path = vcardW.swift; sourceTree = "<group>"; };
		3611BC9F2668CEA40095672A /* Assets.xcassets */ = {isa = PBXFileReference; lastKnownFileType = folder.assetcatalog; path = Assets.xcassets; sourceTree = "<group>"; };
		3611BCA12668CEA40095672A /* Info.plist */ = {isa = PBXFileReference; lastKnownFileType = text.plist.xml; path = Info.plist; sourceTree = "<group>"; };
		3611BCAC26690B3A0095672A /* vcardX.entitlements */ = {isa = PBXFileReference; lastKnownFileType = text.plist.entitlements; path = vcardX.entitlements; sourceTree = "<group>"; };
		3611BCB22669645E0095672A /* BusinessView.swift */ = {isa = PBXFileReference; lastKnownFileType = sourcecode.swift; path = BusinessView.swift; sourceTree = "<group>"; };
		3611BCB52669680D0095672A /* ContactView.swift */ = {isa = PBXFileReference; lastKnownFileType = sourcecode.swift; path = ContactView.swift; sourceTree = "<group>"; };
		361660C2266BABD9002E3ED4 /* SetupView.swift */ = {isa = PBXFileReference; fileEncoding = 4; lastKnownFileType = sourcecode.swift; path = SetupView.swift; sourceTree = "<group>"; };
		361660C3266BABD9002E3ED4 /* PrivateView.swift */ = {isa = PBXFileReference; fileEncoding = 4; lastKnownFileType = sourcecode.swift; path = PrivateView.swift; sourceTree = "<group>"; };
		361660C4266BABD9002E3ED4 /* vcardXRelease.entitlements */ = {isa = PBXFileReference; fileEncoding = 4; lastKnownFileType = text.plist.entitlements; path = vcardXRelease.entitlements; sourceTree = "<group>"; };
		3640B5532674E314008EE9B7 /* BusinessPreview.swift */ = {isa = PBXFileReference; lastKnownFileType = sourcecode.swift; path = BusinessPreview.swift; sourceTree = "<group>"; };
		3640B5572674E37A008EE9B7 /* PrivatePreview.swift */ = {isa = PBXFileReference; lastKnownFileType = sourcecode.swift; path = PrivatePreview.swift; sourceTree = "<group>"; };
		3640B5592674E7CA008EE9B7 /* BusinessData.swift */ = {isa = PBXFileReference; lastKnownFileType = sourcecode.swift; path = BusinessData.swift; sourceTree = "<group>"; };
		3640B55B2674EAE5008EE9B7 /* PrivateData.swift */ = {isa = PBXFileReference; lastKnownFileType = sourcecode.swift; path = PrivateData.swift; sourceTree = "<group>"; };
		364F2E20266CBD300085493D /* WidgetUpdaterClass.swift */ = {isa = PBXFileReference; lastKnownFileType = sourcecode.swift; path = WidgetUpdaterClass.swift; sourceTree = "<group>"; };
		364F2E23266CC3400085493D /* wPrivate.swift */ = {isa = PBXFileReference; lastKnownFileType = sourcecode.swift; path = wPrivate.swift; sourceTree = "<group>"; };
		364F2E25266CC3560085493D /* wBusiness.swift */ = {isa = PBXFileReference; lastKnownFileType = sourcecode.swift; path = wBusiness.swift; sourceTree = "<group>"; };
		364F2E28266CD3B10085493D /* vcardWExtension.entitlements */ = {isa = PBXFileReference; fileEncoding = 4; lastKnownFileType = text.plist.entitlements; path = vcardWExtension.entitlements; sourceTree = "<group>"; };
		364F2E2A266D331F0085493D /* StoreManagerClass.swift */ = {isa = PBXFileReference; lastKnownFileType = sourcecode.swift; path = StoreManagerClass.swift; sourceTree = "<group>"; };
		364F2E2C266D338C0085493D /* IAP_ProductIDs.plist */ = {isa = PBXFileReference; fileEncoding = 4; lastKnownFileType = text.plist.xml; path = IAP_ProductIDs.plist; sourceTree = "<group>"; };
		364F2E2E266D33FA0085493D /* InAppPurchaseView.swift */ = {isa = PBXFileReference; fileEncoding = 4; lastKnownFileType = sourcecode.swift; path = InAppPurchaseView.swift; sourceTree = "<group>"; };
		364F2E3C266D3B090085493D /* Base */ = {isa = PBXFileReference; lastKnownFileType = file.intentdefinition; name = Base; path = Base.lproj/vcardW.intentdefinition; sourceTree = "<group>"; };
		364F2E3F266D3B0C0085493D /* en */ = {isa = PBXFileReference; lastKnownFileType = text.plist.strings; name = en; path = en.lproj/vcardW.strings; sourceTree = "<group>"; };
		364F2E41266D3B0F0085493D /* de */ = {isa = PBXFileReference; lastKnownFileType = text.plist.strings; name = de; path = de.lproj/vcardW.strings; sourceTree = "<group>"; };
		36532D4B2671FCB8002B1544 /* UpdateView.swift */ = {isa = PBXFileReference; lastKnownFileType = sourcecode.swift; path = UpdateView.swift; sourceTree = "<group>"; };
		3696FDA82673C08B009A585A /* GenericViews.swift */ = {isa = PBXFileReference; lastKnownFileType = sourcecode.swift; path = GenericViews.swift; sourceTree = "<group>"; };
		3696FDAA2673C77A009A585A /* ImageClass.swift */ = {isa = PBXFileReference; lastKnownFileType = sourcecode.swift; path = ImageClass.swift; sourceTree = "<group>"; };
		36B883B726676B610028437B /* vcardX.app */ = {isa = PBXFileReference; explicitFileType = wrapper.application; includeInIndex = 0; path = vcardX.app; sourceTree = BUILT_PRODUCTS_DIR; };
		36B883BA26676B610028437B /* App.swift */ = {isa = PBXFileReference; lastKnownFileType = sourcecode.swift; path = App.swift; sourceTree = "<group>"; };
		36B883BC26676B610028437B /* ContentView.swift */ = {isa = PBXFileReference; lastKnownFileType = sourcecode.swift; path = ContentView.swift; sourceTree = "<group>"; };
		36B883BE26676B630028437B /* Assets.xcassets */ = {isa = PBXFileReference; lastKnownFileType = folder.assetcatalog; path = Assets.xcassets; sourceTree = "<group>"; };
		36B883C126676B630028437B /* Preview Assets.xcassets */ = {isa = PBXFileReference; lastKnownFileType = folder.assetcatalog; path = "Preview Assets.xcassets"; sourceTree = "<group>"; };
		36B883C326676B630028437B /* Info.plist */ = {isa = PBXFileReference; lastKnownFileType = text.plist.xml; path = Info.plist; sourceTree = "<group>"; };
		36B883CB2667B3A30028437B /* SettingsView.swift */ = {isa = PBXFileReference; lastKnownFileType = sourcecode.swift; path = SettingsView.swift; sourceTree = "<group>"; };
		36B883CD2667D5D30028437B /* LaunchScreen.storyboard */ = {isa = PBXFileReference; lastKnownFileType = file.storyboard; name = LaunchScreen.storyboard; path = vcardX/LaunchScreen.storyboard; sourceTree = SOURCE_ROOT; };
		36B883CF2667DB1A0028437B /* UserSettings.swift */ = {isa = PBXFileReference; lastKnownFileType = sourcecode.swift; path = UserSettings.swift; sourceTree = "<group>"; };
/* End PBXFileReference section */

/* Begin PBXFrameworksBuildPhase section */
		3611BC922668CEA30095672A /* Frameworks */ = {
			isa = PBXFrameworksBuildPhase;
			buildActionMask = 2147483647;
			files = (
				3611BC9A2668CEA30095672A /* SwiftUI.framework in Frameworks */,
				3611BC982668CEA30095672A /* WidgetKit.framework in Frameworks */,
			);
			runOnlyForDeploymentPostprocessing = 0;
		};
		36B883B426676B610028437B /* Frameworks */ = {
			isa = PBXFrameworksBuildPhase;
			buildActionMask = 2147483647;
			files = (
			);
			runOnlyForDeploymentPostprocessing = 0;
		};
/* End PBXFrameworksBuildPhase section */

/* Begin PBXGroup section */
		3600A5EB2668C46B00703A1D /* Localize */ = {
			isa = PBXGroup;
			children = (
				3600A5DC2668BED900703A1D /* Localization.swift */,
				3600A5E82668C0A700703A1D /* Localizable.strings */,
			);
			path = Localize;
			sourceTree = "<group>";
		};
		3600A5EC2668C48B00703A1D /* Modifiers+Model */ = {
			isa = PBXGroup;
			children = (
				3600A5DB2668BED900703A1D /* Modifiers.swift */,
				36B883CF2667DB1A0028437B /* UserSettings.swift */,
			);
			path = "Modifiers+Model";
			sourceTree = "<group>";
		};
		3611BC962668CEA30095672A /* Frameworks */ = {
			isa = PBXGroup;
			children = (
				3611BC972668CEA30095672A /* WidgetKit.framework */,
				3611BC992668CEA30095672A /* SwiftUI.framework */,
			);
			name = Frameworks;
			sourceTree = "<group>";
		};
		3611BC9B2668CEA30095672A /* vcardW */ = {
			isa = PBXGroup;
			children = (
				3611BC9C2668CEA30095672A /* vcardW.swift */,
				364F2E25266CC3560085493D /* wBusiness.swift */,
				364F2E23266CC3400085493D /* wPrivate.swift */,
				3611BC9F2668CEA40095672A /* Assets.xcassets */,
				3611BCA12668CEA40095672A /* Info.plist */,
				364F2E3D266D3B090085493D /* vcardW.intentdefinition */,
			);
			path = vcardW;
			sourceTree = "<group>";
		};
		3640B5552674E337008EE9B7 /* Business */ = {
			isa = PBXGroup;
			children = (
				3611BCB22669645E0095672A /* BusinessView.swift */,
				3640B5532674E314008EE9B7 /* BusinessPreview.swift */,
				3640B5592674E7CA008EE9B7 /* BusinessData.swift */,
			);
			path = Business;
			sourceTree = "<group>";
		};
		3640B5562674E36C008EE9B7 /* Private */ = {
			isa = PBXGroup;
			children = (
				361660C3266BABD9002E3ED4 /* PrivateView.swift */,
				3640B5572674E37A008EE9B7 /* PrivatePreview.swift */,
				3640B55B2674EAE5008EE9B7 /* PrivateData.swift */,
			);
			path = Private;
			sourceTree = "<group>";
		};
		364F2E22266CBD3E0085493D /* Classes */ = {
			isa = PBXGroup;
			children = (
				364F2E20266CBD300085493D /* WidgetUpdaterClass.swift */,
				364F2E2A266D331F0085493D /* StoreManagerClass.swift */,
				3696FDAA2673C77A009A585A /* ImageClass.swift */,
			);
			path = Classes;
			sourceTree = "<group>";
		};
		364F2E29266D1A230085493D /* Views */ = {
			isa = PBXGroup;
			children = (
				36B883BC26676B610028437B /* ContentView.swift */,
				3611BCB52669680D0095672A /* ContactView.swift */,
				3696FDA82673C08B009A585A /* GenericViews.swift */,
				3640B5552674E337008EE9B7 /* Business */,
				3640B5562674E36C008EE9B7 /* Private */,
				361660C2266BABD9002E3ED4 /* SetupView.swift */,
				36B883CB2667B3A30028437B /* SettingsView.swift */,
				36532D4B2671FCB8002B1544 /* UpdateView.swift */,
				3600A5D82668BED900703A1D /* About.swift */,
				364F2E2E266D33FA0085493D /* InAppPurchaseView.swift */,
			);
			path = Views;
			sourceTree = "<group>";
		};
		36B883AE26676B610028437B = {
			isa = PBXGroup;
			children = (
				364F2E28266CD3B10085493D /* vcardWExtension.entitlements */,
				36B883B926676B610028437B /* vcardX */,
				3611BC9B2668CEA30095672A /* vcardW */,
				3611BC962668CEA30095672A /* Frameworks */,
				36B883B826676B610028437B /* Products */,
			);
			sourceTree = "<group>";
		};
		36B883B826676B610028437B /* Products */ = {
			isa = PBXGroup;
			children = (
				36B883B726676B610028437B /* vcardX.app */,
				3611BC952668CEA30095672A /* vcardWExtension.appex */,
			);
			name = Products;
			sourceTree = "<group>";
		};
		36B883B926676B610028437B /* vcardX */ = {
			isa = PBXGroup;
			children = (
				36B883BA26676B610028437B /* App.swift */,
				364F2E29266D1A230085493D /* Views */,
				364F2E22266CBD3E0085493D /* Classes */,
				3600A5EB2668C46B00703A1D /* Localize */,
				3600A5EC2668C48B00703A1D /* Modifiers+Model */,
				36B883BE26676B630028437B /* Assets.xcassets */,
				36B883CD2667D5D30028437B /* LaunchScreen.storyboard */,
				36B883C326676B630028437B /* Info.plist */,
				364F2E2C266D338C0085493D /* IAP_ProductIDs.plist */,
				361660C4266BABD9002E3ED4 /* vcardXRelease.entitlements */,
				3611BCAC26690B3A0095672A /* vcardX.entitlements */,
				36B883C026676B630028437B /* Preview Content */,
			);
			path = vcardX;
			sourceTree = "<group>";
		};
		36B883C026676B630028437B /* Preview Content */ = {
			isa = PBXGroup;
			children = (
				36B883C126676B630028437B /* Preview Assets.xcassets */,
			);
			path = "Preview Content";
			sourceTree = "<group>";
		};
/* End PBXGroup section */

/* Begin PBXNativeTarget section */
		3611BC942668CEA30095672A /* vcardWExtension */ = {
			isa = PBXNativeTarget;
			buildConfigurationList = 3611BCAA2668CEA40095672A /* Build configuration list for PBXNativeTarget "vcardWExtension" */;
			buildPhases = (
				3611BC912668CEA30095672A /* Sources */,
				3611BC922668CEA30095672A /* Frameworks */,
				3611BC932668CEA30095672A /* Resources */,
			);
			buildRules = (
			);
			dependencies = (
			);
			name = vcardWExtension;
			productName = vcardWExtension;
			productReference = 3611BC952668CEA30095672A /* vcardWExtension.appex */;
			productType = "com.apple.product-type.app-extension";
		};
		36B883B626676B610028437B /* vcardX */ = {
			isa = PBXNativeTarget;
			buildConfigurationList = 36B883C626676B630028437B /* Build configuration list for PBXNativeTarget "vcardX" */;
			buildPhases = (
				36B883B326676B610028437B /* Sources */,
				36B883B426676B610028437B /* Frameworks */,
				36B883B526676B610028437B /* Resources */,
				3611BCA72668CEA40095672A /* Embed App Extensions */,
			);
			buildRules = (
			);
			dependencies = (
				3611BCA52668CEA40095672A /* PBXTargetDependency */,
			);
			name = vcardX;
			packageProductDependencies = (
			);
			productName = vcardX;
			productReference = 36B883B726676B610028437B /* vcardX.app */;
			productType = "com.apple.product-type.application";
		};
/* End PBXNativeTarget section */

/* Begin PBXProject section */
		36B883AF26676B610028437B /* Project object */ = {
			isa = PBXProject;
			attributes = {
				LastSwiftUpdateCheck = 1250;
				LastUpgradeCheck = 1250;
				TargetAttributes = {
					3611BC942668CEA30095672A = {
						CreatedOnToolsVersion = 12.5;
					};
					36B883B626676B610028437B = {
						CreatedOnToolsVersion = 12.5;
					};
				};
			};
			buildConfigurationList = 36B883B226676B610028437B /* Build configuration list for PBXProject "vcardX" */;
			compatibilityVersion = "Xcode 9.3";
			developmentRegion = en;
			hasScannedForEncodings = 0;
			knownRegions = (
				en,
				Base,
				de,
			);
			mainGroup = 36B883AE26676B610028437B;
			packageReferences = (
			);
			productRefGroup = 36B883B826676B610028437B /* Products */;
			projectDirPath = "";
			projectRoot = "";
			targets = (
				36B883B626676B610028437B /* vcardX */,
				3611BC942668CEA30095672A /* vcardWExtension */,
			);
		};
/* End PBXProject section */

/* Begin PBXResourcesBuildPhase section */
		3611BC932668CEA30095672A /* Resources */ = {
			isa = PBXResourcesBuildPhase;
			buildActionMask = 2147483647;
			files = (
				3611BCA02668CEA40095672A /* Assets.xcassets in Resources */,
				364F2E27266CC4390085493D /* Assets.xcassets in Resources */,
				3611BCAE26690CCD0095672A /* Localizable.strings in Resources */,
			);
			runOnlyForDeploymentPostprocessing = 0;
		};
		36B883B526676B610028437B /* Resources */ = {
			isa = PBXResourcesBuildPhase;
			buildActionMask = 2147483647;
			files = (
				36B883CE2667D5D30028437B /* LaunchScreen.storyboard in Resources */,
				364F2E2D266D338C0085493D /* IAP_ProductIDs.plist in Resources */,
				3600A5E62668C0A700703A1D /* Localizable.strings in Resources */,
				36B883C226676B630028437B /* Preview Assets.xcassets in Resources */,
				36B883BF26676B630028437B /* Assets.xcassets in Resources */,
			);
			runOnlyForDeploymentPostprocessing = 0;
		};
/* End PBXResourcesBuildPhase section */

/* Begin PBXSourcesBuildPhase section */
		3611BC912668CEA30095672A /* Sources */ = {
			isa = PBXSourcesBuildPhase;
			buildActionMask = 2147483647;
			files = (
				364F2E3B266D3B090085493D /* vcardW.intentdefinition in Sources */,
				3611BCAD26690CC80095672A /* Localization.swift in Sources */,
				364F2E26266CC3560085493D /* wBusiness.swift in Sources */,
				3611BC9D2668CEA30095672A /* vcardW.swift in Sources */,
				364F2E24266CC3400085493D /* wPrivate.swift in Sources */,
			);
			runOnlyForDeploymentPostprocessing = 0;
		};
		36B883B326676B610028437B /* Sources */ = {
			isa = PBXSourcesBuildPhase;
			buildActionMask = 2147483647;
			files = (
				364F2E2B266D331F0085493D /* StoreManagerClass.swift in Sources */,
				3640B55C2674EAE5008EE9B7 /* PrivateData.swift in Sources */,
				364F2E2F266D33FA0085493D /* InAppPurchaseView.swift in Sources */,
				3696FDAB2673C77A009A585A /* ImageClass.swift in Sources */,
				364F2E21266CBD300085493D /* WidgetUpdaterClass.swift in Sources */,
				364F2E3A266D3B090085493D /* vcardW.intentdefinition in Sources */,
				3611BCB62669680D0095672A /* ContactView.swift in Sources */,
				361660C6266BABD9002E3ED4 /* PrivateView.swift in Sources */,
				3696FDA92673C08B009A585A /* GenericViews.swift in Sources */,
				3640B5582674E37A008EE9B7 /* PrivatePreview.swift in Sources */,
				36B883CC2667B3A30028437B /* SettingsView.swift in Sources */,
				3600A5E12668BED900703A1D /* Modifiers.swift in Sources */,
				361660C5266BABD9002E3ED4 /* SetupView.swift in Sources */,
				36532D4C2671FCB8002B1544 /* UpdateView.swift in Sources */,
				36B883BD26676B610028437B /* ContentView.swift in Sources */,
				3640B55A2674E7CA008EE9B7 /* BusinessData.swift in Sources */,
				36B883D02667DB1A0028437B /* UserSettings.swift in Sources */,
				3600A5DE2668BED900703A1D /* About.swift in Sources */,
				3611BCB32669645E0095672A /* BusinessView.swift in Sources */,
				3640B5542674E314008EE9B7 /* BusinessPreview.swift in Sources */,
				3600A5E22668BED900703A1D /* Localization.swift in Sources */,
				36B883BB26676B610028437B /* App.swift in Sources */,
			);
			runOnlyForDeploymentPostprocessing = 0;
		};
/* End PBXSourcesBuildPhase section */

/* Begin PBXTargetDependency section */
		3611BCA52668CEA40095672A /* PBXTargetDependency */ = {
			isa = PBXTargetDependency;
			target = 3611BC942668CEA30095672A /* vcardWExtension */;
			targetProxy = 3611BCA42668CEA40095672A /* PBXContainerItemProxy */;
		};
/* End PBXTargetDependency section */

/* Begin PBXVariantGroup section */
		3600A5E82668C0A700703A1D /* Localizable.strings */ = {
			isa = PBXVariantGroup;
			children = (
				3600A5E72668C0A700703A1D /* en */,
				3600A5E92668C0AE00703A1D /* de */,
			);
			name = Localizable.strings;
			sourceTree = "<group>";
		};
		364F2E3D266D3B090085493D /* vcardW.intentdefinition */ = {
			isa = PBXVariantGroup;
			children = (
				364F2E3C266D3B090085493D /* Base */,
				364F2E3F266D3B0C0085493D /* en */,
				364F2E41266D3B0F0085493D /* de */,
			);
			name = vcardW.intentdefinition;
			sourceTree = "<group>";
		};
/* End PBXVariantGroup section */

/* Begin XCBuildConfiguration section */
		3611BCA82668CEA40095672A /* Debug */ = {
			isa = XCBuildConfiguration;
			buildSettings = {
				ASSETCATALOG_COMPILER_GLOBAL_ACCENT_COLOR_NAME = AccentColor;
				ASSETCATALOG_COMPILER_WIDGET_BACKGROUND_COLOR_NAME = WidgetBackground;
				CODE_SIGN_ENTITLEMENTS = vcardWExtension.entitlements;
				CODE_SIGN_STYLE = Automatic;
				CURRENT_PROJECT_VERSION = 4;
				DEVELOPMENT_TEAM = APRDSH5Y65;
				INFOPLIST_FILE = vcardW/Info.plist;
				IPHONEOS_DEPLOYMENT_TARGET = 14.5;
				LD_RUNPATH_SEARCH_PATHS = (
					"$(inherited)",
					"@executable_path/Frameworks",
					"@executable_path/../../Frameworks",
				);
				MARKETING_VERSION = 1.1;
				PRODUCT_BUNDLE_IDENTIFIER = de.nicolasott.vcardX.vcardW;
				PRODUCT_NAME = "$(TARGET_NAME)";
				SKIP_INSTALL = YES;
				SUPPORTS_MACCATALYST = NO;
				SWIFT_VERSION = 5.0;
				TARGETED_DEVICE_FAMILY = 1;
			};
			name = Debug;
		};
		3611BCA92668CEA40095672A /* Release */ = {
			isa = XCBuildConfiguration;
			buildSettings = {
				ASSETCATALOG_COMPILER_GLOBAL_ACCENT_COLOR_NAME = AccentColor;
				ASSETCATALOG_COMPILER_WIDGET_BACKGROUND_COLOR_NAME = WidgetBackground;
				CODE_SIGN_ENTITLEMENTS = vcardWExtension.entitlements;
				CODE_SIGN_STYLE = Automatic;
				CURRENT_PROJECT_VERSION = 4;
				DEVELOPMENT_TEAM = APRDSH5Y65;
				INFOPLIST_FILE = vcardW/Info.plist;
				IPHONEOS_DEPLOYMENT_TARGET = 14.5;
				LD_RUNPATH_SEARCH_PATHS = (
					"$(inherited)",
					"@executable_path/Frameworks",
					"@executable_path/../../Frameworks",
				);
				MARKETING_VERSION = 1.1;
				PRODUCT_BUNDLE_IDENTIFIER = de.nicolasott.vcardX.vcardW;
				PRODUCT_NAME = "$(TARGET_NAME)";
				SKIP_INSTALL = YES;
				SUPPORTS_MACCATALYST = NO;
				SWIFT_VERSION = 5.0;
				TARGETED_DEVICE_FAMILY = 1;
			};
			name = Release;
		};
		36B883C426676B630028437B /* Debug */ = {
			isa = XCBuildConfiguration;
			buildSettings = {
				ALWAYS_SEARCH_USER_PATHS = NO;
				CLANG_ANALYZER_NONNULL = YES;
				CLANG_ANALYZER_NUMBER_OBJECT_CONVERSION = YES_AGGRESSIVE;
				CLANG_CXX_LANGUAGE_STANDARD = "gnu++14";
				CLANG_CXX_LIBRARY = "libc++";
				CLANG_ENABLE_MODULES = YES;
				CLANG_ENABLE_OBJC_ARC = YES;
				CLANG_ENABLE_OBJC_WEAK = YES;
				CLANG_WARN_BLOCK_CAPTURE_AUTORELEASING = YES;
				CLANG_WARN_BOOL_CONVERSION = YES;
				CLANG_WARN_COMMA = YES;
				CLANG_WARN_CONSTANT_CONVERSION = YES;
				CLANG_WARN_DEPRECATED_OBJC_IMPLEMENTATIONS = YES;
				CLANG_WARN_DIRECT_OBJC_ISA_USAGE = YES_ERROR;
				CLANG_WARN_DOCUMENTATION_COMMENTS = YES;
				CLANG_WARN_EMPTY_BODY = YES;
				CLANG_WARN_ENUM_CONVERSION = YES;
				CLANG_WARN_INFINITE_RECURSION = YES;
				CLANG_WARN_INT_CONVERSION = YES;
				CLANG_WARN_NON_LITERAL_NULL_CONVERSION = YES;
				CLANG_WARN_OBJC_IMPLICIT_RETAIN_SELF = YES;
				CLANG_WARN_OBJC_LITERAL_CONVERSION = YES;
				CLANG_WARN_OBJC_ROOT_CLASS = YES_ERROR;
				CLANG_WARN_QUOTED_INCLUDE_IN_FRAMEWORK_HEADER = YES;
				CLANG_WARN_RANGE_LOOP_ANALYSIS = YES;
				CLANG_WARN_STRICT_PROTOTYPES = YES;
				CLANG_WARN_SUSPICIOUS_MOVE = YES;
				CLANG_WARN_UNGUARDED_AVAILABILITY = YES_AGGRESSIVE;
				CLANG_WARN_UNREACHABLE_CODE = YES;
				CLANG_WARN__DUPLICATE_METHOD_MATCH = YES;
				COPY_PHASE_STRIP = NO;
				DEBUG_INFORMATION_FORMAT = dwarf;
				ENABLE_STRICT_OBJC_MSGSEND = YES;
				ENABLE_TESTABILITY = YES;
				GCC_C_LANGUAGE_STANDARD = gnu11;
				GCC_DYNAMIC_NO_PIC = NO;
				GCC_NO_COMMON_BLOCKS = YES;
				GCC_OPTIMIZATION_LEVEL = 0;
				GCC_PREPROCESSOR_DEFINITIONS = (
					"DEBUG=1",
					"$(inherited)",
				);
				GCC_WARN_64_TO_32_BIT_CONVERSION = YES;
				GCC_WARN_ABOUT_RETURN_TYPE = YES_ERROR;
				GCC_WARN_UNDECLARED_SELECTOR = YES;
				GCC_WARN_UNINITIALIZED_AUTOS = YES_AGGRESSIVE;
				GCC_WARN_UNUSED_FUNCTION = YES;
				GCC_WARN_UNUSED_VARIABLE = YES;
				IPHONEOS_DEPLOYMENT_TARGET = 14.5;
				MTL_ENABLE_DEBUG_INFO = INCLUDE_SOURCE;
				MTL_FAST_MATH = YES;
				ONLY_ACTIVE_ARCH = YES;
				SDKROOT = iphoneos;
				SWIFT_ACTIVE_COMPILATION_CONDITIONS = DEBUG;
				SWIFT_OPTIMIZATION_LEVEL = "-Onone";
			};
			name = Debug;
		};
		36B883C526676B630028437B /* Release */ = {
			isa = XCBuildConfiguration;
			buildSettings = {
				ALWAYS_SEARCH_USER_PATHS = NO;
				CLANG_ANALYZER_NONNULL = YES;
				CLANG_ANALYZER_NUMBER_OBJECT_CONVERSION = YES_AGGRESSIVE;
				CLANG_CXX_LANGUAGE_STANDARD = "gnu++14";
				CLANG_CXX_LIBRARY = "libc++";
				CLANG_ENABLE_MODULES = YES;
				CLANG_ENABLE_OBJC_ARC = YES;
				CLANG_ENABLE_OBJC_WEAK = YES;
				CLANG_WARN_BLOCK_CAPTURE_AUTORELEASING = YES;
				CLANG_WARN_BOOL_CONVERSION = YES;
				CLANG_WARN_COMMA = YES;
				CLANG_WARN_CONSTANT_CONVERSION = YES;
				CLANG_WARN_DEPRECATED_OBJC_IMPLEMENTATIONS = YES;
				CLANG_WARN_DIRECT_OBJC_ISA_USAGE = YES_ERROR;
				CLANG_WARN_DOCUMENTATION_COMMENTS = YES;
				CLANG_WARN_EMPTY_BODY = YES;
				CLANG_WARN_ENUM_CONVERSION = YES;
				CLANG_WARN_INFINITE_RECURSION = YES;
				CLANG_WARN_INT_CONVERSION = YES;
				CLANG_WARN_NON_LITERAL_NULL_CONVERSION = YES;
				CLANG_WARN_OBJC_IMPLICIT_RETAIN_SELF = YES;
				CLANG_WARN_OBJC_LITERAL_CONVERSION = YES;
				CLANG_WARN_OBJC_ROOT_CLASS = YES_ERROR;
				CLANG_WARN_QUOTED_INCLUDE_IN_FRAMEWORK_HEADER = YES;
				CLANG_WARN_RANGE_LOOP_ANALYSIS = YES;
				CLANG_WARN_STRICT_PROTOTYPES = YES;
				CLANG_WARN_SUSPICIOUS_MOVE = YES;
				CLANG_WARN_UNGUARDED_AVAILABILITY = YES_AGGRESSIVE;
				CLANG_WARN_UNREACHABLE_CODE = YES;
				CLANG_WARN__DUPLICATE_METHOD_MATCH = YES;
				COPY_PHASE_STRIP = NO;
				DEBUG_INFORMATION_FORMAT = "dwarf-with-dsym";
				ENABLE_NS_ASSERTIONS = NO;
				ENABLE_STRICT_OBJC_MSGSEND = YES;
				GCC_C_LANGUAGE_STANDARD = gnu11;
				GCC_NO_COMMON_BLOCKS = YES;
				GCC_WARN_64_TO_32_BIT_CONVERSION = YES;
				GCC_WARN_ABOUT_RETURN_TYPE = YES_ERROR;
				GCC_WARN_UNDECLARED_SELECTOR = YES;
				GCC_WARN_UNINITIALIZED_AUTOS = YES_AGGRESSIVE;
				GCC_WARN_UNUSED_FUNCTION = YES;
				GCC_WARN_UNUSED_VARIABLE = YES;
				IPHONEOS_DEPLOYMENT_TARGET = 14.5;
				MTL_ENABLE_DEBUG_INFO = NO;
				MTL_FAST_MATH = YES;
				SDKROOT = iphoneos;
				SWIFT_COMPILATION_MODE = wholemodule;
				SWIFT_OPTIMIZATION_LEVEL = "-O";
				VALIDATE_PRODUCT = YES;
			};
			name = Release;
		};
		36B883C726676B630028437B /* Debug */ = {
			isa = XCBuildConfiguration;
			buildSettings = {
				ALWAYS_EMBED_SWIFT_STANDARD_LIBRARIES = YES;
				ASSETCATALOG_COMPILER_APPICON_NAME = AppIcon;
				ASSETCATALOG_COMPILER_GLOBAL_ACCENT_COLOR_NAME = AccentColor;
				CODE_SIGN_ENTITLEMENTS = vcardX/vcardX.entitlements;
				CODE_SIGN_STYLE = Automatic;
				CURRENT_PROJECT_VERSION = 4;
				DEVELOPMENT_ASSET_PATHS = "\"vcardX/Preview Content\"";
				DEVELOPMENT_TEAM = APRDSH5Y65;
				ENABLE_PREVIEWS = YES;
				INFOPLIST_FILE = vcardX/Info.plist;
				IPHONEOS_DEPLOYMENT_TARGET = 14.5;
				LD_RUNPATH_SEARCH_PATHS = (
					"$(inherited)",
					"@executable_path/Frameworks",
				);
				MARKETING_VERSION = 1.1;
				PRODUCT_BUNDLE_IDENTIFIER = de.nicolasott.vcardX;
				PRODUCT_NAME = "$(TARGET_NAME)";
				SUPPORTS_MACCATALYST = NO;
				SWIFT_VERSION = 5.0;
				TARGETED_DEVICE_FAMILY = 1;
			};
			name = Debug;
		};
		36B883C826676B630028437B /* Release */ = {
			isa = XCBuildConfiguration;
			buildSettings = {
				ALWAYS_EMBED_SWIFT_STANDARD_LIBRARIES = YES;
				ASSETCATALOG_COMPILER_APPICON_NAME = AppIcon;
				ASSETCATALOG_COMPILER_GLOBAL_ACCENT_COLOR_NAME = AccentColor;
				CODE_SIGN_ENTITLEMENTS = vcardX/vcardX.entitlements;
				CODE_SIGN_STYLE = Automatic;
				CURRENT_PROJECT_VERSION = 4;
				DEVELOPMENT_ASSET_PATHS = "\"vcardX/Preview Content\"";
				DEVELOPMENT_TEAM = APRDSH5Y65;
				ENABLE_PREVIEWS = YES;
				INFOPLIST_FILE = vcardX/Info.plist;
				IPHONEOS_DEPLOYMENT_TARGET = 14.5;
				LD_RUNPATH_SEARCH_PATHS = (
					"$(inherited)",
					"@executable_path/Frameworks",
				);
				MARKETING_VERSION = 1.1;
				PRODUCT_BUNDLE_IDENTIFIER = de.nicolasott.vcardX;
				PRODUCT_NAME = "$(TARGET_NAME)";
				SUPPORTS_MACCATALYST = NO;
				SWIFT_VERSION = 5.0;
				TARGETED_DEVICE_FAMILY = 1;
			};
			name = Release;
		};
/* End XCBuildConfiguration section */

/* Begin XCConfigurationList section */
		3611BCAA2668CEA40095672A /* Build configuration list for PBXNativeTarget "vcardWExtension" */ = {
			isa = XCConfigurationList;
			buildConfigurations = (
				3611BCA82668CEA40095672A /* Debug */,
				3611BCA92668CEA40095672A /* Release */,
			);
			defaultConfigurationIsVisible = 0;
			defaultConfigurationName = Release;
		};
		36B883B226676B610028437B /* Build configuration list for PBXProject "vcardX" */ = {
			isa = XCConfigurationList;
			buildConfigurations = (
				36B883C426676B630028437B /* Debug */,
				36B883C526676B630028437B /* Release */,
			);
			defaultConfigurationIsVisible = 0;
			defaultConfigurationName = Release;
		};
		36B883C626676B630028437B /* Build configuration list for PBXNativeTarget "vcardX" */ = {
			isa = XCConfigurationList;
			buildConfigurations = (
				36B883C726676B630028437B /* Debug */,
				36B883C826676B630028437B /* Release */,
			);
			defaultConfigurationIsVisible = 0;
			defaultConfigurationName = Release;
		};
/* End XCConfigurationList section */
	};
	rootObject = 36B883AF26676B610028437B /* Project object */;
}
