// !$*UTF8*$!
{
	archiveVersion = 1;
	classes = {
	};
	objectVersion = 50;
	objects = {

/* Begin PBXBuildFile section */
		3600A5DE2668BED900703A1D /* AboutView.swift in Sources */ = {isa = PBXBuildFile; fileRef = 3600A5D82668BED900703A1D /* AboutView.swift */; };
		3600A5E12668BED900703A1D /* Modifiers.swift in Sources */ = {isa = PBXBuildFile; fileRef = 3600A5DB2668BED900703A1D /* Modifiers.swift */; };
		3600A5E22668BED900703A1D /* Localization.swift in Sources */ = {isa = PBXBuildFile; fileRef = 3600A5DC2668BED900703A1D /* Localization.swift */; };
		3600A5E32668BED900703A1D /* CustomView.swift in Sources */ = {isa = PBXBuildFile; fileRef = 3600A5DD2668BED900703A1D /* CustomView.swift */; };
		3600A5E62668C0A700703A1D /* Localizable.strings in Resources */ = {isa = PBXBuildFile; fileRef = 3600A5E82668C0A700703A1D /* Localizable.strings */; };
		36B883BB26676B610028437B /* App.swift in Sources */ = {isa = PBXBuildFile; fileRef = 36B883BA26676B610028437B /* App.swift */; };
		36B883BD26676B610028437B /* ContentView.swift in Sources */ = {isa = PBXBuildFile; fileRef = 36B883BC26676B610028437B /* ContentView.swift */; };
		36B883BF26676B630028437B /* Assets.xcassets in Resources */ = {isa = PBXBuildFile; fileRef = 36B883BE26676B630028437B /* Assets.xcassets */; };
		36B883C226676B630028437B /* Preview Assets.xcassets in Resources */ = {isa = PBXBuildFile; fileRef = 36B883C126676B630028437B /* Preview Assets.xcassets */; };
		36B883CA2667B0340028437B /* ContactsView.swift in Sources */ = {isa = PBXBuildFile; fileRef = 36B883C92667B0340028437B /* ContactsView.swift */; };
		36B883CC2667B3A30028437B /* SettingsView.swift in Sources */ = {isa = PBXBuildFile; fileRef = 36B883CB2667B3A30028437B /* SettingsView.swift */; };
		36B883CE2667D5D30028437B /* LaunchScreen.storyboard in Resources */ = {isa = PBXBuildFile; fileRef = 36B883CD2667D5D30028437B /* LaunchScreen.storyboard */; };
		36B883D02667DB1A0028437B /* UserSettings.swift in Sources */ = {isa = PBXBuildFile; fileRef = 36B883CF2667DB1A0028437B /* UserSettings.swift */; };
/* End PBXBuildFile section */

/* Begin PBXFileReference section */
		3600A5D82668BED900703A1D /* AboutView.swift */ = {isa = PBXFileReference; fileEncoding = 4; lastKnownFileType = sourcecode.swift; path = AboutView.swift; sourceTree = "<group>"; };
		3600A5DB2668BED900703A1D /* Modifiers.swift */ = {isa = PBXFileReference; fileEncoding = 4; lastKnownFileType = sourcecode.swift; path = Modifiers.swift; sourceTree = "<group>"; };
		3600A5DC2668BED900703A1D /* Localization.swift */ = {isa = PBXFileReference; fileEncoding = 4; lastKnownFileType = sourcecode.swift; path = Localization.swift; sourceTree = "<group>"; };
		3600A5DD2668BED900703A1D /* CustomView.swift */ = {isa = PBXFileReference; fileEncoding = 4; lastKnownFileType = sourcecode.swift; path = CustomView.swift; sourceTree = "<group>"; };
		3600A5E72668C0A700703A1D /* en */ = {isa = PBXFileReference; lastKnownFileType = text.plist.strings; name = en; path = en.lproj/Localizable.strings; sourceTree = "<group>"; };
		3600A5E92668C0AE00703A1D /* de */ = {isa = PBXFileReference; lastKnownFileType = text.plist.strings; name = de; path = de.lproj/Localizable.strings; sourceTree = "<group>"; };
		36B883B726676B610028437B /* vcardX.app */ = {isa = PBXFileReference; explicitFileType = wrapper.application; includeInIndex = 0; path = vcardX.app; sourceTree = BUILT_PRODUCTS_DIR; };
		36B883BA26676B610028437B /* App.swift */ = {isa = PBXFileReference; lastKnownFileType = sourcecode.swift; path = App.swift; sourceTree = "<group>"; };
		36B883BC26676B610028437B /* ContentView.swift */ = {isa = PBXFileReference; lastKnownFileType = sourcecode.swift; path = ContentView.swift; sourceTree = "<group>"; };
		36B883BE26676B630028437B /* Assets.xcassets */ = {isa = PBXFileReference; lastKnownFileType = folder.assetcatalog; path = Assets.xcassets; sourceTree = "<group>"; };
		36B883C126676B630028437B /* Preview Assets.xcassets */ = {isa = PBXFileReference; lastKnownFileType = folder.assetcatalog; path = "Preview Assets.xcassets"; sourceTree = "<group>"; };
		36B883C326676B630028437B /* Info.plist */ = {isa = PBXFileReference; lastKnownFileType = text.plist.xml; path = Info.plist; sourceTree = "<group>"; };
		36B883C92667B0340028437B /* ContactsView.swift */ = {isa = PBXFileReference; lastKnownFileType = sourcecode.swift; path = ContactsView.swift; sourceTree = "<group>"; };
		36B883CB2667B3A30028437B /* SettingsView.swift */ = {isa = PBXFileReference; lastKnownFileType = sourcecode.swift; path = SettingsView.swift; sourceTree = "<group>"; };
		36B883CD2667D5D30028437B /* LaunchScreen.storyboard */ = {isa = PBXFileReference; lastKnownFileType = file.storyboard; name = LaunchScreen.storyboard; path = vcardX/LaunchScreen.storyboard; sourceTree = SOURCE_ROOT; };
		36B883CF2667DB1A0028437B /* UserSettings.swift */ = {isa = PBXFileReference; lastKnownFileType = sourcecode.swift; path = UserSettings.swift; sourceTree = "<group>"; };
/* End PBXFileReference section */

/* Begin PBXFrameworksBuildPhase section */
		36B883B426676B610028437B /* Frameworks */ = {
			isa = PBXFrameworksBuildPhase;
			buildActionMask = 2147483647;
			files = (
			);
			runOnlyForDeploymentPostprocessing = 0;
		};
/* End PBXFrameworksBuildPhase section */

/* Begin PBXGroup section */
		3600A5EA2668C45200703A1D /* V2 */ = {
			isa = PBXGroup;
			children = (
				3600A5DD2668BED900703A1D /* CustomView.swift */,
				36B883C92667B0340028437B /* ContactsView.swift */,
			);
			path = V2;
			sourceTree = "<group>";
		};
		3600A5EB2668C46B00703A1D /* Localize */ = {
			isa = PBXGroup;
			children = (
				3600A5DC2668BED900703A1D /* Localization.swift */,
				3600A5E82668C0A700703A1D /* Localizable.strings */,
			);
			path = Localize;
			sourceTree = "<group>";
		};
		3600A5EC2668C48B00703A1D /* Modifiers+Model */ = {
			isa = PBXGroup;
			children = (
				3600A5DB2668BED900703A1D /* Modifiers.swift */,
				36B883CF2667DB1A0028437B /* UserSettings.swift */,
			);
			path = "Modifiers+Model";
			sourceTree = "<group>";
		};
		36B883AE26676B610028437B = {
			isa = PBXGroup;
			children = (
				36B883B926676B610028437B /* vcardX */,
				36B883B826676B610028437B /* Products */,
			);
			sourceTree = "<group>";
		};
		36B883B826676B610028437B /* Products */ = {
			isa = PBXGroup;
			children = (
				36B883B726676B610028437B /* vcardX.app */,
			);
			name = Products;
			sourceTree = "<group>";
		};
		36B883B926676B610028437B /* vcardX */ = {
			isa = PBXGroup;
			children = (
				36B883BA26676B610028437B /* App.swift */,
				36B883BC26676B610028437B /* ContentView.swift */,
				36B883CB2667B3A30028437B /* SettingsView.swift */,
				3600A5D82668BED900703A1D /* AboutView.swift */,
				3600A5EB2668C46B00703A1D /* Localize */,
				3600A5EC2668C48B00703A1D /* Modifiers+Model */,
				36B883BE26676B630028437B /* Assets.xcassets */,
				36B883C326676B630028437B /* Info.plist */,
				36B883CD2667D5D30028437B /* LaunchScreen.storyboard */,
				3600A5EA2668C45200703A1D /* V2 */,
				36B883C026676B630028437B /* Preview Content */,
			);
			path = vcardX;
			sourceTree = "<group>";
		};
		36B883C026676B630028437B /* Preview Content */ = {
			isa = PBXGroup;
			children = (
				36B883C126676B630028437B /* Preview Assets.xcassets */,
			);
			path = "Preview Content";
			sourceTree = "<group>";
		};
/* End PBXGroup section */

/* Begin PBXNativeTarget section */
		36B883B626676B610028437B /* vcardX */ = {
			isa = PBXNativeTarget;
			buildConfigurationList = 36B883C626676B630028437B /* Build configuration list for PBXNativeTarget "vcardX" */;
			buildPhases = (
				36B883B326676B610028437B /* Sources */,
				36B883B426676B610028437B /* Frameworks */,
				36B883B526676B610028437B /* Resources */,
			);
			buildRules = (
			);
			dependencies = (
			);
			name = vcardX;
			productName = vcardX;
			productReference = 36B883B726676B610028437B /* vcardX.app */;
			productType = "com.apple.product-type.application";
		};
/* End PBXNativeTarget section */

/* Begin PBXProject section */
		36B883AF26676B610028437B /* Project object */ = {
			isa = PBXProject;
			attributes = {
				LastSwiftUpdateCheck = 1250;
				LastUpgradeCheck = 1250;
				TargetAttributes = {
					36B883B626676B610028437B = {
						CreatedOnToolsVersion = 12.5;
					};
				};
			};
			buildConfigurationList = 36B883B226676B610028437B /* Build configuration list for PBXProject "vcardX" */;
			compatibilityVersion = "Xcode 9.3";
			developmentRegion = en;
			hasScannedForEncodings = 0;
			knownRegions = (
				en,
				Base,
				de,
			);
			mainGroup = 36B883AE26676B610028437B;
			productRefGroup = 36B883B826676B610028437B /* Products */;
			projectDirPath = "";
			projectRoot = "";
			targets = (
				36B883B626676B610028437B /* vcardX */,
			);
		};
/* End PBXProject section */

/* Begin PBXResourcesBuildPhase section */
		36B883B526676B610028437B /* Resources */ = {
			isa = PBXResourcesBuildPhase;
			buildActionMask = 2147483647;
			files = (
				36B883CE2667D5D30028437B /* LaunchScreen.storyboard in Resources */,
				3600A5E62668C0A700703A1D /* Localizable.strings in Resources */,
				36B883C226676B630028437B /* Preview Assets.xcassets in Resources */,
				36B883BF26676B630028437B /* Assets.xcassets in Resources */,
			);
			runOnlyForDeploymentPostprocessing = 0;
		};
/* End PBXResourcesBuildPhase section */

/* Begin PBXSourcesBuildPhase section */
		36B883B326676B610028437B /* Sources */ = {
			isa = PBXSourcesBuildPhase;
			buildActionMask = 2147483647;
			files = (
				36B883CA2667B0340028437B /* ContactsView.swift in Sources */,
				36B883CC2667B3A30028437B /* SettingsView.swift in Sources */,
				3600A5E12668BED900703A1D /* Modifiers.swift in Sources */,
				3600A5E32668BED900703A1D /* CustomView.swift in Sources */,
				36B883BD26676B610028437B /* ContentView.swift in Sources */,
				36B883D02667DB1A0028437B /* UserSettings.swift in Sources */,
				3600A5DE2668BED900703A1D /* AboutView.swift in Sources */,
				3600A5E22668BED900703A1D /* Localization.swift in Sources */,
				36B883BB26676B610028437B /* App.swift in Sources */,
			);
			runOnlyForDeploymentPostprocessing = 0;
		};
/* End PBXSourcesBuildPhase section */

/* Begin PBXVariantGroup section */
		3600A5E82668C0A700703A1D /* Localizable.strings */ = {
			isa = PBXVariantGroup;
			children = (
				3600A5E72668C0A700703A1D /* en */,
				3600A5E92668C0AE00703A1D /* de */,
			);
			name = Localizable.strings;
			sourceTree = "<group>";
		};
/* End PBXVariantGroup section */

/* Begin XCBuildConfiguration section */
		36B883C426676B630028437B /* Debug */ = {
			isa = XCBuildConfiguration;
			buildSettings = {
				ALWAYS_SEARCH_USER_PATHS = NO;
				CLANG_ANALYZER_NONNULL = YES;
				CLANG_ANALYZER_NUMBER_OBJECT_CONVERSION = YES_AGGRESSIVE;
				CLANG_CXX_LANGUAGE_STANDARD = "gnu++14";
				CLANG_CXX_LIBRARY = "libc++";
				CLANG_ENABLE_MODULES = YES;
				CLANG_ENABLE_OBJC_ARC = YES;
				CLANG_ENABLE_OBJC_WEAK = YES;
				CLANG_WARN_BLOCK_CAPTURE_AUTORELEASING = YES;
				CLANG_WARN_BOOL_CONVERSION = YES;
				CLANG_WARN_COMMA = YES;
				CLANG_WARN_CONSTANT_CONVERSION = YES;
				CLANG_WARN_DEPRECATED_OBJC_IMPLEMENTATIONS = YES;
				CLANG_WARN_DIRECT_OBJC_ISA_USAGE = YES_ERROR;
				CLANG_WARN_DOCUMENTATION_COMMENTS = YES;
				CLANG_WARN_EMPTY_BODY = YES;
				CLANG_WARN_ENUM_CONVERSION = YES;
				CLANG_WARN_INFINITE_RECURSION = YES;
				CLANG_WARN_INT_CONVERSION = YES;
				CLANG_WARN_NON_LITERAL_NULL_CONVERSION = YES;
				CLANG_WARN_OBJC_IMPLICIT_RETAIN_SELF = YES;
				CLANG_WARN_OBJC_LITERAL_CONVERSION = YES;
				CLANG_WARN_OBJC_ROOT_CLASS = YES_ERROR;
				CLANG_WARN_QUOTED_INCLUDE_IN_FRAMEWORK_HEADER = YES;
				CLANG_WARN_RANGE_LOOP_ANALYSIS = YES;
				CLANG_WARN_STRICT_PROTOTYPES = YES;
				CLANG_WARN_SUSPICIOUS_MOVE = YES;
				CLANG_WARN_UNGUARDED_AVAILABILITY = YES_AGGRESSIVE;
				CLANG_WARN_UNREACHABLE_CODE = YES;
				CLANG_WARN__DUPLICATE_METHOD_MATCH = YES;
				COPY_PHASE_STRIP = NO;
				DEBUG_INFORMATION_FORMAT = dwarf;
				ENABLE_STRICT_OBJC_MSGSEND = YES;
				ENABLE_TESTABILITY = YES;
				GCC_C_LANGUAGE_STANDARD = gnu11;
				GCC_DYNAMIC_NO_PIC = NO;
				GCC_NO_COMMON_BLOCKS = YES;
				GCC_OPTIMIZATION_LEVEL = 0;
				GCC_PREPROCESSOR_DEFINITIONS = (
					"DEBUG=1",
					"$(inherited)",
				);
				GCC_WARN_64_TO_32_BIT_CONVERSION = YES;
				GCC_WARN_ABOUT_RETURN_TYPE = YES_ERROR;
				GCC_WARN_UNDECLARED_SELECTOR = YES;
				GCC_WARN_UNINITIALIZED_AUTOS = YES_AGGRESSIVE;
				GCC_WARN_UNUSED_FUNCTION = YES;
				GCC_WARN_UNUSED_VARIABLE = YES;
				IPHONEOS_DEPLOYMENT_TARGET = 14.5;
				MTL_ENABLE_DEBUG_INFO = INCLUDE_SOURCE;
				MTL_FAST_MATH = YES;
				ONLY_ACTIVE_ARCH = YES;
				SDKROOT = iphoneos;
				SWIFT_ACTIVE_COMPILATION_CONDITIONS = DEBUG;
				SWIFT_OPTIMIZATION_LEVEL = "-Onone";
			};
			name = Debug;
		};
		36B883C526676B630028437B /* Release */ = {
			isa = XCBuildConfiguration;
			buildSettings = {
				ALWAYS_SEARCH_USER_PATHS = NO;
				CLANG_ANALYZER_NONNULL = YES;
				CLANG_ANALYZER_NUMBER_OBJECT_CONVERSION = YES_AGGRESSIVE;
				CLANG_CXX_LANGUAGE_STANDARD = "gnu++14";
				CLANG_CXX_LIBRARY = "libc++";
				CLANG_ENABLE_MODULES = YES;
				CLANG_ENABLE_OBJC_ARC = YES;
				CLANG_ENABLE_OBJC_WEAK = YES;
				CLANG_WARN_BLOCK_CAPTURE_AUTORELEASING = YES;
				CLANG_WARN_BOOL_CONVERSION = YES;
				CLANG_WARN_COMMA = YES;
				CLANG_WARN_CONSTANT_CONVERSION = YES;
				CLANG_WARN_DEPRECATED_OBJC_IMPLEMENTATIONS = YES;
				CLANG_WARN_DIRECT_OBJC_ISA_USAGE = YES_ERROR;
				CLANG_WARN_DOCUMENTATION_COMMENTS = YES;
				CLANG_WARN_EMPTY_BODY = YES;
				CLANG_WARN_ENUM_CONVERSION = YES;
				CLANG_WARN_INFINITE_RECURSION = YES;
				CLANG_WARN_INT_CONVERSION = YES;
				CLANG_WARN_NON_LITERAL_NULL_CONVERSION = YES;
				CLANG_WARN_OBJC_IMPLICIT_RETAIN_SELF = YES;
				CLANG_WARN_OBJC_LITERAL_CONVERSION = YES;
				CLANG_WARN_OBJC_ROOT_CLASS = YES_ERROR;
				CLANG_WARN_QUOTED_INCLUDE_IN_FRAMEWORK_HEADER = YES;
				CLANG_WARN_RANGE_LOOP_ANALYSIS = YES;
				CLANG_WARN_STRICT_PROTOTYPES = YES;
				CLANG_WARN_SUSPICIOUS_MOVE = YES;
				CLANG_WARN_UNGUARDED_AVAILABILITY = YES_AGGRESSIVE;
				CLANG_WARN_UNREACHABLE_CODE = YES;
				CLANG_WARN__DUPLICATE_METHOD_MATCH = YES;
				COPY_PHASE_STRIP = NO;
				DEBUG_INFORMATION_FORMAT = "dwarf-with-dsym";
				ENABLE_NS_ASSERTIONS = NO;
				ENABLE_STRICT_OBJC_MSGSEND = YES;
				GCC_C_LANGUAGE_STANDARD = gnu11;
				GCC_NO_COMMON_BLOCKS = YES;
				GCC_WARN_64_TO_32_BIT_CONVERSION = YES;
				GCC_WARN_ABOUT_RETURN_TYPE = YES_ERROR;
				GCC_WARN_UNDECLARED_SELECTOR = YES;
				GCC_WARN_UNINITIALIZED_AUTOS = YES_AGGRESSIVE;
				GCC_WARN_UNUSED_FUNCTION = YES;
				GCC_WARN_UNUSED_VARIABLE = YES;
				IPHONEOS_DEPLOYMENT_TARGET = 14.5;
				MTL_ENABLE_DEBUG_INFO = NO;
				MTL_FAST_MATH = YES;
				SDKROOT = iphoneos;
				SWIFT_COMPILATION_MODE = wholemodule;
				SWIFT_OPTIMIZATION_LEVEL = "-O";
				VALIDATE_PRODUCT = YES;
			};
			name = Release;
		};
		36B883C726676B630028437B /* Debug */ = {
			isa = XCBuildConfiguration;
			buildSettings = {
				ASSETCATALOG_COMPILER_APPICON_NAME = AppIcon;
				ASSETCATALOG_COMPILER_GLOBAL_ACCENT_COLOR_NAME = AccentColor;
				CODE_SIGN_STYLE = Automatic;
				CURRENT_PROJECT_VERSION = 2;
				DEVELOPMENT_ASSET_PATHS = "\"vcardX/Preview Content\"";
				DEVELOPMENT_TEAM = APRDSH5Y65;
				ENABLE_PREVIEWS = YES;
				INFOPLIST_FILE = vcardX/Info.plist;
				IPHONEOS_DEPLOYMENT_TARGET = 14.0;
				LD_RUNPATH_SEARCH_PATHS = (
					"$(inherited)",
					"@executable_path/Frameworks",
				);
				MARKETING_VERSION = 0.1;
				PRODUCT_BUNDLE_IDENTIFIER = de.nicolasott.vcardX;
				PRODUCT_NAME = "$(TARGET_NAME)";
				SWIFT_VERSION = 5.0;
				TARGETED_DEVICE_FAMILY = 1;
			};
			name = Debug;
		};
		36B883C826676B630028437B /* Release */ = {
			isa = XCBuildConfiguration;
			buildSettings = {
				ASSETCATALOG_COMPILER_APPICON_NAME = AppIcon;
				ASSETCATALOG_COMPILER_GLOBAL_ACCENT_COLOR_NAME = AccentColor;
				CODE_SIGN_STYLE = Automatic;
				CURRENT_PROJECT_VERSION = 2;
				DEVELOPMENT_ASSET_PATHS = "\"vcardX/Preview Content\"";
				DEVELOPMENT_TEAM = APRDSH5Y65;
				ENABLE_PREVIEWS = YES;
				INFOPLIST_FILE = vcardX/Info.plist;
				IPHONEOS_DEPLOYMENT_TARGET = 14.0;
				LD_RUNPATH_SEARCH_PATHS = (
					"$(inherited)",
					"@executable_path/Frameworks",
				);
				MARKETING_VERSION = 0.1;
				PRODUCT_BUNDLE_IDENTIFIER = de.nicolasott.vcardX;
				PRODUCT_NAME = "$(TARGET_NAME)";
				SWIFT_VERSION = 5.0;
				TARGETED_DEVICE_FAMILY = 1;
			};
			name = Release;
		};
/* End XCBuildConfiguration section */

/* Begin XCConfigurationList section */
		36B883B226676B610028437B /* Build configuration list for PBXProject "vcardX" */ = {
			isa = XCConfigurationList;
			buildConfigurations = (
				36B883C426676B630028437B /* Debug */,
				36B883C526676B630028437B /* Release */,
			);
			defaultConfigurationIsVisible = 0;
			defaultConfigurationName = Release;
		};
		36B883C626676B630028437B /* Build configuration list for PBXNativeTarget "vcardX" */ = {
			isa = XCConfigurationList;
			buildConfigurations = (
				36B883C726676B630028437B /* Debug */,
				36B883C826676B630028437B /* Release */,
			);
			defaultConfigurationIsVisible = 0;
			defaultConfigurationName = Release;
		};
/* End XCConfigurationList section */
	};
	rootObject = 36B883AF26676B610028437B /* Project object */;
}
